
Microsoft Visual Studio Solution File, Format Version 12.00
# Visual Studio 2013
VisualStudioVersion = 12.0.40629.0
MinimumVisualStudioVersion = 10.0.40219.1
Project("{2150E333-8FDC-42A3-9474-1A3956D46DE8}") = "Solucion.Base.Modelo", "Solucion.Base.Modelo", "{B439FCC8-5C98-4350-A37B-57847A1637BF}"
EndProject
Project("{2150E333-8FDC-42A3-9474-1A3956D46DE8}") = "Solucion.Base.Wcf", "Solucion.Base.Wcf", "{3B78475C-1BB7-4A6C-AA9F-27183C2FDF48}"
EndProject
Project("{FAE04EC0-301F-11D3-BF4B-00C04F79EFBC}") = "Solucion.Base.Modelo.Entidades", "Solucion.Base.Modelo.Entidades\Solucion.Base.Modelo.Entidades.csproj", "{1CA13637-0BCF-4057-A583-88FA28C54B7D}"
EndProject
Project("{FAE04EC0-301F-11D3-BF4B-00C04F79EFBC}") = "Solucion.Base.Modelo.RepositorioSQL", "Solucion.Base.Modelo.RepositorioSQL\Solucion.Base.Modelo.RepositorioSQL.csproj", "{FB28164B-F077-4EE5-9CF0-C7A36B1F753B}"
EndProject
Project("{FAE04EC0-301F-11D3-BF4B-00C04F79EFBC}") = "WcfParam", "WcfParam\WcfParam.csproj", "{997B5D26-ABD5-4889-902B-5753D88C9C09}"
EndProject
Global
	GlobalSection(SolutionConfigurationPlatforms) = preSolution
		Debug|Any CPU = Debug|Any CPU
		Release|Any CPU = Release|Any CPU
	EndGlobalSection
	GlobalSection(ProjectConfigurationPlatforms) = postSolution
		{1CA13637-0BCF-4057-A583-88FA28C54B7D}.Debug|Any CPU.ActiveCfg = Debug|Any CPU
		{1CA13637-0BCF-4057-A583-88FA28C54B7D}.Debug|Any CPU.Build.0 = Debug|Any CPU
		{1CA13637-0BCF-4057-A583-88FA28C54B7D}.Release|Any CPU.ActiveCfg = Release|Any CPU
		{1CA13637-0BCF-4057-A583-88FA28C54B7D}.Release|Any CPU.Build.0 = Release|Any CPU
		{FB28164B-F077-4EE5-9CF0-C7A36B1F753B}.Debug|Any CPU.ActiveCfg = Debug|Any CPU
		{FB28164B-F077-4EE5-9CF0-C7A36B1F753B}.Debug|Any CPU.Build.0 = Debug|Any CPU
		{FB28164B-F077-4EE5-9CF0-C7A36B1F753B}.Release|Any CPU.ActiveCfg = Release|Any CPU
		{FB28164B-F077-4EE5-9CF0-C7A36B1F753B}.Release|Any CPU.Build.0 = Release|Any CPU
		{997B5D26-ABD5-4889-902B-5753D88C9C09}.Debug|Any CPU.ActiveCfg = Debug|Any CPU
		{997B5D26-ABD5-4889-902B-5753D88C9C09}.Debug|Any CPU.Build.0 = Debug|Any CPU
		{997B5D26-ABD5-4889-902B-5753D88C9C09}.Release|Any CPU.ActiveCfg = Release|Any CPU
		{997B5D26-ABD5-4889-902B-5753D88C9C09}.Release|Any CPU.Build.0 = Release|Any CPU
	EndGlobalSection
	GlobalSection(SolutionProperties) = preSolution
		HideSolutionNode = FALSE
	EndGlobalSection
	GlobalSection(NestedProjects) = preSolution
		{1CA13637-0BCF-4057-A583-88FA28C54B7D} = {B439FCC8-5C98-4350-A37B-57847A1637BF}
		{FB28164B-F077-4EE5-9CF0-C7A36B1F753B} = {B439FCC8-5C98-4350-A37B-57847A1637BF}
		{997B5D26-ABD5-4889-902B-5753D88C9C09} = {3B78475C-1BB7-4A6C-AA9F-27183C2FDF48}
	EndGlobalSection
EndGlobal
